// !$*UTF8*$!
{
	archiveVersion = 1;
	classes = {
	};
	objectVersion = 46;
	objects = {

/* Begin PBXBuildFile section */
		3FE9C8E51CC0E2ED000F3F4A /* AppDelegate.swift in Sources */ = {isa = PBXBuildFile; fileRef = 3FE9C8E41CC0E2ED000F3F4A /* AppDelegate.swift */; };
		3FE9C8E71CC0E2ED000F3F4A /* ViewController.swift in Sources */ = {isa = PBXBuildFile; fileRef = 3FE9C8E61CC0E2ED000F3F4A /* ViewController.swift */; };
		3FE9C8EA1CC0E2ED000F3F4A /* Main.storyboard in Resources */ = {isa = PBXBuildFile; fileRef = 3FE9C8E81CC0E2ED000F3F4A /* Main.storyboard */; };
		3FE9C8EC1CC0E2ED000F3F4A /* Assets.xcassets in Resources */ = {isa = PBXBuildFile; fileRef = 3FE9C8EB1CC0E2ED000F3F4A /* Assets.xcassets */; };
		3FE9C8EF1CC0E2ED000F3F4A /* LaunchScreen.storyboard in Resources */ = {isa = PBXBuildFile; fileRef = 3FE9C8ED1CC0E2ED000F3F4A /* LaunchScreen.storyboard */; };
		3FE9C8F71CC0E3E7000F3F4A /* airlineData.json in Resources */ = {isa = PBXBuildFile; fileRef = 3FE9C8F61CC0E3E7000F3F4A /* airlineData.json */; };
/* End PBXBuildFile section */

/* Begin PBXFileReference section */
		3FE9C8E11CC0E2EC000F3F4A /* UISearchControllerDemo.app */ = {isa = PBXFileReference; explicitFileType = wrapper.application; includeInIndex = 0; path = UISearchControllerDemo.app; sourceTree = BUILT_PRODUCTS_DIR; };
		3FE9C8E41CC0E2ED000F3F4A /* AppDelegate.swift */ = {isa = PBXFileReference; lastKnownFileType = sourcecode.swift; path = AppDelegate.swift; sourceTree = "<group>"; };
		3FE9C8E61CC0E2ED000F3F4A /* ViewController.swift */ = {isa = PBXFileReference; lastKnownFileType = sourcecode.swift; path = ViewController.swift; sourceTree = "<group>"; };
		3FE9C8E91CC0E2ED000F3F4A /* Base */ = {isa = PBXFileReference; lastKnownFileType = file.storyboard; name = Base; path = Base.lproj/Main.storyboard; sourceTree = "<group>"; };
		3FE9C8EB1CC0E2ED000F3F4A /* Assets.xcassets */ = {isa = PBXFileReference; lastKnownFileType = folder.assetcatalog; path = Assets.xcassets; sourceTree = "<group>"; };
		3FE9C8EE1CC0E2ED000F3F4A /* Base */ = {isa = PBXFileReference; lastKnownFileType = file.storyboard; name = Base; path = Base.lproj/LaunchScreen.storyboard; sourceTree = "<group>"; };
		3FE9C8F01CC0E2ED000F3F4A /* Info.plist */ = {isa = PBXFileReference; lastKnownFileType = text.plist.xml; path = Info.plist; sourceTree = "<group>"; };
		3FE9C8F61CC0E3E7000F3F4A /* airlineData.json */ = {isa = PBXFileReference; fileEncoding = 4; lastKnownFileType = text.json; path = airlineData.json; sourceTree = "<group>"; };
/* End PBXFileReference section */

/* Begin PBXFrameworksBuildPhase section */
		3FE9C8DE1CC0E2EC000F3F4A /* Frameworks */ = {
			isa = PBXFrameworksBuildPhase;
			buildActionMask = 2147483647;
			files = (
			);
			runOnlyForDeploymentPostprocessing = 0;
		};
/* End PBXFrameworksBuildPhase section */

/* Begin PBXGroup section */
		3FE9C8D81CC0E2EC000F3F4A = {
			isa = PBXGroup;
			children = (
				3FE9C8E31CC0E2ED000F3F4A /* UISearchControllerDemo */,
				3FE9C8E21CC0E2EC000F3F4A /* Products */,
			);
			sourceTree = "<group>";
		};
		3FE9C8E21CC0E2EC000F3F4A /* Products */ = {
			isa = PBXGroup;
			children = (
				3FE9C8E11CC0E2EC000F3F4A /* UISearchControllerDemo.app */,
			);
			name = Products;
			sourceTree = "<group>";
		};
		3FE9C8E31CC0E2ED000F3F4A /* UISearchControllerDemo */ = {
			isa = PBXGroup;
			children = (
				3FE9C8F61CC0E3E7000F3F4A /* airlineData.json */,
				3FE9C8E41CC0E2ED000F3F4A /* AppDelegate.swift */,
				3FE9C8E61CC0E2ED000F3F4A /* ViewController.swift */,
				3FE9C8E81CC0E2ED000F3F4A /* Main.storyboard */,
				3FE9C8EB1CC0E2ED000F3F4A /* Assets.xcassets */,
				3FE9C8ED1CC0E2ED000F3F4A /* LaunchScreen.storyboard */,
				3FE9C8F01CC0E2ED000F3F4A /* Info.plist */,
			);
			path = UISearchControllerDemo;
			sourceTree = "<group>";
		};
/* End PBXGroup section */

/* Begin PBXNativeTarget section */
		3FE9C8E01CC0E2EC000F3F4A /* UISearchControllerDemo */ = {
			isa = PBXNativeTarget;
			buildConfigurationList = 3FE9C8F31CC0E2ED000F3F4A /* Build configuration list for PBXNativeTarget "UISearchControllerDemo" */;
			buildPhases = (
				3FE9C8DD1CC0E2EC000F3F4A /* Sources */,
				3FE9C8DE1CC0E2EC000F3F4A /* Frameworks */,
				3FE9C8DF1CC0E2EC000F3F4A /* Resources */,
			);
			buildRules = (
			);
			dependencies = (
			);
			name = UISearchControllerDemo;
			productName = UISearchControllerDemo;
			productReference = 3FE9C8E11CC0E2EC000F3F4A /* UISearchControllerDemo.app */;
			productType = "com.apple.product-type.application";
		};
/* End PBXNativeTarget section */

/* Begin PBXProject section */
		3FE9C8D91CC0E2EC000F3F4A /* Project object */ = {
			isa = PBXProject;
			attributes = {
				LastSwiftUpdateCheck = 0730;
				LastUpgradeCheck = 0730;
				ORGANIZATIONNAME = "张剑";
				TargetAttributes = {
					3FE9C8E01CC0E2EC000F3F4A = {
						CreatedOnToolsVersion = 7.3;
					};
				};
			};
			buildConfigurationList = 3FE9C8DC1CC0E2EC000F3F4A /* Build configuration list for PBXProject "UISearchControllerDemo" */;
			compatibilityVersion = "Xcode 3.2";
			developmentRegion = English;
			hasScannedForEncodings = 0;
			knownRegions = (
				en,
				Base,
			);
			mainGroup = 3FE9C8D81CC0E2EC000F3F4A;
			productRefGroup = 3FE9C8E21CC0E2EC000F3F4A /* Products */;
			projectDirPath = "";
			projectRoot = "";
			targets = (
				3FE9C8E01CC0E2EC000F3F4A /* UISearchControllerDemo */,
			);
		};
/* End PBXProject section */

/* Begin PBXResourcesBuildPhase section */
		3FE9C8DF1CC0E2EC000F3F4A /* Resources */ = {
			isa = PBXResourcesBuildPhase;
			buildActionMask = 2147483647;
			files = (
				3FE9C8EF1CC0E2ED000F3F4A /* LaunchScreen.storyboard in Resources */,
				3FE9C8EC1CC0E2ED000F3F4A /* Assets.xcassets in Resources */,
				3FE9C8F71CC0E3E7000F3F4A /* airlineData.json in Resources */,
				3FE9C8EA1CC0E2ED000F3F4A /* Main.storyboard in Resources */,
			);
			runOnlyForDeploymentPostprocessing = 0;
		};
/* End PBXResourcesBuildPhase section */

/* Begin PBXSourcesBuildPhase section */
		3FE9C8DD1CC0E2EC000F3F4A /* Sources */ = {
			isa = PBXSourcesBuildPhase;
			buildActionMask = 2147483647;
			files = (
				3FE9C8E71CC0E2ED000F3F4A /* ViewController.swift in Sources */,
				3FE9C8E51CC0E2ED000F3F4A /* AppDelegate.swift in Sources */,
			);
			runOnlyForDeploymentPostprocessing = 0;
		};
/* End PBXSourcesBuildPhase section */

/* Begin PBXVariantGroup section */
		3FE9C8E81CC0E2ED000F3F4A /* Main.storyboard */ = {
			isa = PBXVariantGroup;
			children = (
				3FE9C8E91CC0E2ED000F3F4A /* Base */,
			);
			name = Main.storyboard;
			sourceTree = "<group>";
		};
		3FE9C8ED1CC0E2ED000F3F4A /* LaunchScreen.storyboard */ = {
			isa = PBXVariantGroup;
			children = (
				3FE9C8EE1CC0E2ED000F3F4A /* Base */,
			);
			name = LaunchScreen.storyboard;
			sourceTree = "<group>";
		};
/* End PBXVariantGroup section */

/* Begin XCBuildConfiguration section */
		3FE9C8F11CC0E2ED000F3F4A /* Debug */ = {
			isa = XCBuildConfiguration;
			buildSettings = {
				ALWAYS_SEARCH_USER_PATHS = NO;
				CLANG_ANALYZER_NONNULL = YES;
				CLANG_CXX_LANGUAGE_STANDARD = "gnu++0x";
				CLANG_CXX_LIBRARY = "libc++";
				CLANG_ENABLE_MODULES = YES;
				CLANG_ENABLE_OBJC_ARC = YES;
				CLANG_WARN_BOOL_CONVERSION = YES;
				CLANG_WARN_CONSTANT_CONVERSION = YES;
				CLANG_WARN_DIRECT_OBJC_ISA_USAGE = YES_ERROR;
				CLANG_WARN_EMPTY_BODY = YES;
				CLANG_WARN_ENUM_CONVERSION = YES;
				CLANG_WARN_INT_CONVERSION = YES;
				CLANG_WARN_OBJC_ROOT_CLASS = YES_ERROR;
				CLANG_WARN_UNREACHABLE_CODE = YES;
				CLANG_WARN__DUPLICATE_METHOD_MATCH = YES;
				"CODE_SIGN_IDENTITY[sdk=iphoneos*]" = "iPhone Developer";
				COPY_PHASE_STRIP = NO;
				DEBUG_INFORMATION_FORMAT = dwarf;
				ENABLE_STRICT_OBJC_MSGSEND = YES;
				ENABLE_TESTABILITY = YES;
				GCC_C_LANGUAGE_STANDARD = gnu99;
				GCC_DYNAMIC_NO_PIC = NO;
				GCC_NO_COMMON_BLOCKS = YES;
				GCC_OPTIMIZATION_LEVEL = 0;
				GCC_PREPROCESSOR_DEFINITIONS = (
					"DEBUG=1",
					"$(inherited)",
				);
				GCC_WARN_64_TO_32_BIT_CONVERSION = YES;
				GCC_WARN_ABOUT_RETURN_TYPE = YES_ERROR;
				GCC_WARN_UNDECLARED_SELECTOR = YES;
				GCC_WARN_UNINITIALIZED_AUTOS = YES_AGGRESSIVE;
				GCC_WARN_UNUSED_FUNCTION = YES;
				GCC_WARN_UNUSED_VARIABLE = YES;
				IPHONEOS_DEPLOYMENT_TARGET = 9.3;
				MTL_ENABLE_DEBUG_INFO = YES;
				ONLY_ACTIVE_ARCH = YES;
				SDKROOT = iphoneos;
				SWIFT_OPTIMIZATION_LEVEL = "-Onone";
			};
			name = Debug;
		};
		3FE9C8F21CC0E2ED000F3F4A /* Release */ = {
			isa = XCBuildConfiguration;
			buildSettings = {
				ALWAYS_SEARCH_USER_PATHS = NO;
				CLANG_ANALYZER_NONNULL = YES;
				CLANG_CXX_LANGUAGE_STANDARD = "gnu++0x";
				CLANG_CXX_LIBRARY = "libc++";
				CLANG_ENABLE_MODULES = YES;
				CLANG_ENABLE_OBJC_ARC = YES;
				CLANG_WARN_BOOL_CONVERSION = YES;
				CLANG_WARN_CONSTANT_CONVERSION = YES;
				CLANG_WARN_DIRECT_OBJC_ISA_USAGE = YES_ERROR;
				CLANG_WARN_EMPTY_BODY = YES;
				CLANG_WARN_ENUM_CONVERSION = YES;
				CLANG_WARN_INT_CONVERSION = YES;
				CLANG_WARN_OBJC_ROOT_CLASS = YES_ERROR;
				CLANG_WARN_UNREACHABLE_CODE = YES;
				CLANG_WARN__DUPLICATE_METHOD_MATCH = YES;
				"CODE_SIGN_IDENTITY[sdk=iphoneos*]" = "iPhone Developer";
				COPY_PHASE_STRIP = NO;
				DEBUG_INFORMATION_FORMAT = "dwarf-with-dsym";
				ENABLE_NS_ASSERTIONS = NO;
				ENABLE_STRICT_OBJC_MSGSEND = YES;
				GCC_C_LANGUAGE_STANDARD = gnu99;
				GCC_NO_COMMON_BLOCKS = YES;
				GCC_WARN_64_TO_32_BIT_CONVERSION = YES;
				GCC_WARN_ABOUT_RETURN_TYPE = YES_ERROR;
				GCC_WARN_UNDECLARED_SELECTOR = YES;
				GCC_WARN_UNINITIALIZED_AUTOS = YES_AGGRESSIVE;
				GCC_WARN_UNUSED_FUNCTION = YES;
				GCC_WARN_UNUSED_VARIABLE = YES;
				IPHONEOS_DEPLOYMENT_TARGET = 9.3;
				MTL_ENABLE_DEBUG_INFO = NO;
				SDKROOT = iphoneos;
				VALIDATE_PRODUCT = YES;
			};
			name = Release;
		};
		3FE9C8F41CC0E2ED000F3F4A /* Debug */ = {
			isa = XCBuildConfiguration;
			buildSettings = {
				ASSETCATALOG_COMPILER_APPICON_NAME = AppIcon;
				INFOPLIST_FILE = UISearchControllerDemo/Info.plist;
				LD_RUNPATH_SEARCH_PATHS = "$(inherited) @executable_path/Frameworks";
				PRODUCT_BUNDLE_IDENTIFIER = cn.psvmc.UISearchControllerDemo;
				PRODUCT_NAME = "$(TARGET_NAME)";
			};
			name = Debug;
		};
		3FE9C8F51CC0E2ED000F3F4A /* Release */ = {
			isa = XCBuildConfiguration;
			buildSettings = {
				ASSETCATALOG_COMPILER_APPICON_NAME = AppIcon;
				INFOPLIST_FILE = UISearchControllerDemo/Info.plist;
				LD_RUNPATH_SEARCH_PATHS = "$(inherited) @executable_path/Frameworks";
				PRODUCT_BUNDLE_IDENTIFIER = cn.psvmc.UISearchControllerDemo;
				PRODUCT_NAME = "$(TARGET_NAME)";
			};
			name = Release;
		};
/* End XCBuildConfiguration section */

/* Begin XCConfigurationList section */
		3FE9C8DC1CC0E2EC000F3F4A /* Build configuration list for PBXProject "UISearchControllerDemo" */ = {
			isa = XCConfigurationList;
			buildConfigurations = (
				3FE9C8F11CC0E2ED000F3F4A /* Debug */,
				3FE9C8F21CC0E2ED000F3F4A /* Release */,
			);
			defaultConfigurationIsVisible = 0;
			defaultConfigurationName = Release;
		};
		3FE9C8F31CC0E2ED000F3F4A /* Build configuration list for PBXNativeTarget "UISearchControllerDemo" */ = {
			isa = XCConfigurationList;
			buildConfigurations = (
				3FE9C8F41CC0E2ED000F3F4A /* Debug */,
				3FE9C8F51CC0E2ED000F3F4A /* Release */,
			);
			defaultConfigurationIsVisible = 0;
		};
/* End XCConfigurationList section */
	};
	rootObject = 3FE9C8D91CC0E2EC000F3F4A /* Project object */;
}
